
Microsoft Visual Studio Solution File, Format Version 12.00
# Visual Studio Version 16
VisualStudioVersion = 16.0.30804.86
MinimumVisualStudioVersion = 10.0.40219.1
Project("{9A19103F-16F7-4668-BE54-9A1E7A4F7556}") = "SaleFeedbackService", "SaleFeedbackService\SaleFeedbackService.csproj", "{306410CD-FA94-428B-AB67-3C59B5E8D899}"
EndProject
Project("{9A19103F-16F7-4668-BE54-9A1E7A4F7556}") = "SalesFeedBackInfrasturcture", "SalesFeedBackInfrasturcture\SalesFeedBackInfrasturcture.csproj", "{3318A154-E1E7-4746-B915-F5378BF17653}"
EndProject
Project("{9A19103F-16F7-4668-BE54-9A1E7A4F7556}") = "AppSettingsHelper", "AppSettingsHelper\AppSettingsHelper.csproj", "{003F9F52-43DE-46A6-B07F-CEA2179E2313}"
EndProject
Project("{9A19103F-16F7-4668-BE54-9A1E7A4F7556}") = "AppCommondHelper", "AppCommondHelper\AppCommondHelper.csproj", "{D3CE3D24-DEE6-4E2F-B0A5-590203186808}"
EndProject
Global
	GlobalSection(SolutionConfigurationPlatforms) = preSolution
		Debug|Any CPU = Debug|Any CPU
		Release|Any CPU = Release|Any CPU
	EndGlobalSection
	GlobalSection(ProjectConfigurationPlatforms) = postSolution
		{306410CD-FA94-428B-AB67-3C59B5E8D899}.Debug|Any CPU.ActiveCfg = Debug|Any CPU
		{306410CD-FA94-428B-AB67-3C59B5E8D899}.Debug|Any CPU.Build.0 = Debug|Any CPU
		{306410CD-FA94-428B-AB67-3C59B5E8D899}.Release|Any CPU.ActiveCfg = Release|Any CPU
		{306410CD-FA94-428B-AB67-3C59B5E8D899}.Release|Any CPU.Build.0 = Release|Any CPU
		{3318A154-E1E7-4746-B915-F5378BF17653}.Debug|Any CPU.ActiveCfg = Debug|Any CPU
		{3318A154-E1E7-4746-B915-F5378BF17653}.Debug|Any CPU.Build.0 = Debug|Any CPU
		{3318A154-E1E7-4746-B915-F5378BF17653}.Release|Any CPU.ActiveCfg = Release|Any CPU
		{3318A154-E1E7-4746-B915-F5378BF17653}.Release|Any CPU.Build.0 = Release|Any CPU
		{003F9F52-43DE-46A6-B07F-CEA2179E2313}.Debug|Any CPU.ActiveCfg = Debug|Any CPU
		{003F9F52-43DE-46A6-B07F-CEA2179E2313}.Debug|Any CPU.Build.0 = Debug|Any CPU
		{003F9F52-43DE-46A6-B07F-CEA2179E2313}.Release|Any CPU.ActiveCfg = Release|Any CPU
		{003F9F52-43DE-46A6-B07F-CEA2179E2313}.Release|Any CPU.Build.0 = Release|Any CPU
		{D3CE3D24-DEE6-4E2F-B0A5-590203186808}.Debug|Any CPU.ActiveCfg = Debug|Any CPU
		{D3CE3D24-DEE6-4E2F-B0A5-590203186808}.Debug|Any CPU.Build.0 = Debug|Any CPU
		{D3CE3D24-DEE6-4E2F-B0A5-590203186808}.Release|Any CPU.ActiveCfg = Release|Any CPU
		{D3CE3D24-DEE6-4E2F-B0A5-590203186808}.Release|Any CPU.Build.0 = Release|Any CPU
	EndGlobalSection
	GlobalSection(SolutionProperties) = preSolution
		HideSolutionNode = FALSE
	EndGlobalSection
	GlobalSection(ExtensibilityGlobals) = postSolution
		SolutionGuid = {0C27B426-0770-4C76-BDB6-BC9D04478748}
	EndGlobalSection
EndGlobal
